
Microsoft Visual Studio Solution File, Format Version 12.00
# Visual Studio Version 16
VisualStudioVersion = 16.0.31205.134
MinimumVisualStudioVersion = 10.0.40219.1
Project("{FAE04EC0-301F-11D3-BF4B-00C04F79EFBC}") = "SmartGrid2021Project", "SmartGrid2021Project\SmartGrid2021Project.csproj", "{328DD17E-DFB5-4290-8927-95B3C0BB0B95}"
EndProject
Global
	GlobalSection(SolutionConfigurationPlatforms) = preSolution
		Debug|Any CPU = Debug|Any CPU
		Release|Any CPU = Release|Any CPU
	EndGlobalSection
	GlobalSection(ProjectConfigurationPlatforms) = postSolution
		{328DD17E-DFB5-4290-8927-95B3C0BB0B95}.Debug|Any CPU.ActiveCfg = Debug|Any CPU
		{328DD17E-DFB5-4290-8927-95B3C0BB0B95}.Debug|Any CPU.Build.0 = Debug|Any CPU
		{328DD17E-DFB5-4290-8927-95B3C0BB0B95}.Release|Any CPU.ActiveCfg = Release|Any CPU
		{328DD17E-DFB5-4290-8927-95B3C0BB0B95}.Release|Any CPU.Build.0 = Release|Any CPU
	EndGlobalSection
	GlobalSection(SolutionProperties) = preSolution
		HideSolutionNode = FALSE
	EndGlobalSection
	GlobalSection(ExtensibilityGlobals) = postSolution
		SolutionGuid = {916354BD-22F1-4ECC-8523-632A1ABFFBFD}
	EndGlobalSection
EndGlobal
