
Microsoft Visual Studio Solution File, Format Version 12.00
# Visual Studio Version 16
VisualStudioVersion = 16.0.31129.286
MinimumVisualStudioVersion = 10.0.40219.1
Project("{FAE04EC0-301F-11D3-BF4B-00C04F79EFBC}") = "SmartGrid2021Project", "SmartGrid2021Project\SmartGrid2021Project.csproj", "{29D4767A-85D1-496B-8B60-B7FE6DCE6BC2}"
EndProject
Global
	GlobalSection(SolutionConfigurationPlatforms) = preSolution
		Debug|Any CPU = Debug|Any CPU
		Release|Any CPU = Release|Any CPU
	EndGlobalSection
	GlobalSection(ProjectConfigurationPlatforms) = postSolution
		{29D4767A-85D1-496B-8B60-B7FE6DCE6BC2}.Debug|Any CPU.ActiveCfg = Debug|Any CPU
		{29D4767A-85D1-496B-8B60-B7FE6DCE6BC2}.Debug|Any CPU.Build.0 = Debug|Any CPU
		{29D4767A-85D1-496B-8B60-B7FE6DCE6BC2}.Release|Any CPU.ActiveCfg = Release|Any CPU
		{29D4767A-85D1-496B-8B60-B7FE6DCE6BC2}.Release|Any CPU.Build.0 = Release|Any CPU
	EndGlobalSection
	GlobalSection(SolutionProperties) = preSolution
		HideSolutionNode = FALSE
	EndGlobalSection
	GlobalSection(ExtensibilityGlobals) = postSolution
		SolutionGuid = {C30FBFA7-BA58-4126-9188-38184A99FAAA}
	EndGlobalSection
EndGlobal
